// !$*UTF8*$!
{
	archiveVersion = 1;
	classes = {
	};
	objectVersion = 55;
	objects = {

/* Begin PBXBuildFile section */
		47516D5E27E9974A00017B45 /* AppDelegate.swift in Sources */ = {isa = PBXBuildFile; fileRef = 47516D5D27E9974A00017B45 /* AppDelegate.swift */; };
		47516D6027E9974A00017B45 /* SceneDelegate.swift in Sources */ = {isa = PBXBuildFile; fileRef = 47516D5F27E9974A00017B45 /* SceneDelegate.swift */; };
		47516D6227E9974A00017B45 /* ViewController.swift in Sources */ = {isa = PBXBuildFile; fileRef = 47516D6127E9974A00017B45 /* ViewController.swift */; };
		47516D6527E9974A00017B45 /* Main.storyboard in Resources */ = {isa = PBXBuildFile; fileRef = 47516D6327E9974A00017B45 /* Main.storyboard */; };
		47516D6727E9974C00017B45 /* Assets.xcassets in Resources */ = {isa = PBXBuildFile; fileRef = 47516D6627E9974C00017B45 /* Assets.xcassets */; };
		47516D6A27E9974C00017B45 /* LaunchScreen.storyboard in Resources */ = {isa = PBXBuildFile; fileRef = 47516D6827E9974C00017B45 /* LaunchScreen.storyboard */; };
		47516D7527E9974C00017B45 /* CocoaMVCSampleTests.swift in Sources */ = {isa = PBXBuildFile; fileRef = 47516D7427E9974C00017B45 /* CocoaMVCSampleTests.swift */; };
		47516D7F27E9974C00017B45 /* CocoaMVCSampleUITests.swift in Sources */ = {isa = PBXBuildFile; fileRef = 47516D7E27E9974C00017B45 /* CocoaMVCSampleUITests.swift */; };
		47516D8127E9974C00017B45 /* CocoaMVCSampleUITestsLaunchTests.swift in Sources */ = {isa = PBXBuildFile; fileRef = 47516D8027E9974C00017B45 /* CocoaMVCSampleUITestsLaunchTests.swift */; };
		47516D9027E9B4BF00017B45 /* View.swift in Sources */ = {isa = PBXBuildFile; fileRef = 47516D8F27E9B4BF00017B45 /* View.swift */; };
		47516D9327E9B4DC00017B45 /* Model.swift in Sources */ = {isa = PBXBuildFile; fileRef = 47516D9227E9B4DC00017B45 /* Model.swift */; };
/* End PBXBuildFile section */

/* Begin PBXContainerItemProxy section */
		47516D7127E9974C00017B45 /* PBXContainerItemProxy */ = {
			isa = PBXContainerItemProxy;
			containerPortal = 47516D5227E9974A00017B45 /* Project object */;
			proxyType = 1;
			remoteGlobalIDString = 47516D5927E9974A00017B45;
			remoteInfo = CocoaMVCSample;
		};
		47516D7B27E9974C00017B45 /* PBXContainerItemProxy */ = {
			isa = PBXContainerItemProxy;
			containerPortal = 47516D5227E9974A00017B45 /* Project object */;
			proxyType = 1;
			remoteGlobalIDString = 47516D5927E9974A00017B45;
			remoteInfo = CocoaMVCSample;
		};
/* End PBXContainerItemProxy section */

/* Begin PBXFileReference section */
		47516D5A27E9974A00017B45 /* CocoaMVCSample.app */ = {isa = PBXFileReference; explicitFileType = wrapper.application; includeInIndex = 0; path = CocoaMVCSample.app; sourceTree = BUILT_PRODUCTS_DIR; };
		47516D5D27E9974A00017B45 /* AppDelegate.swift */ = {isa = PBXFileReference; lastKnownFileType = sourcecode.swift; path = AppDelegate.swift; sourceTree = "<group>"; };
		47516D5F27E9974A00017B45 /* SceneDelegate.swift */ = {isa = PBXFileReference; lastKnownFileType = sourcecode.swift; path = SceneDelegate.swift; sourceTree = "<group>"; };
		47516D6127E9974A00017B45 /* ViewController.swift */ = {isa = PBXFileReference; lastKnownFileType = sourcecode.swift; path = ViewController.swift; sourceTree = "<group>"; };
		47516D6427E9974A00017B45 /* Base */ = {isa = PBXFileReference; lastKnownFileType = file.storyboard; name = Base; path = Base.lproj/Main.storyboard; sourceTree = "<group>"; };
		47516D6627E9974C00017B45 /* Assets.xcassets */ = {isa = PBXFileReference; lastKnownFileType = folder.assetcatalog; path = Assets.xcassets; sourceTree = "<group>"; };
		47516D6927E9974C00017B45 /* Base */ = {isa = PBXFileReference; lastKnownFileType = file.storyboard; name = Base; path = Base.lproj/LaunchScreen.storyboard; sourceTree = "<group>"; };
		47516D6B27E9974C00017B45 /* Info.plist */ = {isa = PBXFileReference; lastKnownFileType = text.plist.xml; path = Info.plist; sourceTree = "<group>"; };
		47516D7027E9974C00017B45 /* CocoaMVCSampleTests.xctest */ = {isa = PBXFileReference; explicitFileType = wrapper.cfbundle; includeInIndex = 0; path = CocoaMVCSampleTests.xctest; sourceTree = BUILT_PRODUCTS_DIR; };
		47516D7427E9974C00017B45 /* CocoaMVCSampleTests.swift */ = {isa = PBXFileReference; lastKnownFileType = sourcecode.swift; path = CocoaMVCSampleTests.swift; sourceTree = "<group>"; };
		47516D7A27E9974C00017B45 /* CocoaMVCSampleUITests.xctest */ = {isa = PBXFileReference; explicitFileType = wrapper.cfbundle; includeInIndex = 0; path = CocoaMVCSampleUITests.xctest; sourceTree = BUILT_PRODUCTS_DIR; };
		47516D7E27E9974C00017B45 /* CocoaMVCSampleUITests.swift */ = {isa = PBXFileReference; lastKnownFileType = sourcecode.swift; path = CocoaMVCSampleUITests.swift; sourceTree = "<group>"; };
		47516D8027E9974C00017B45 /* CocoaMVCSampleUITestsLaunchTests.swift */ = {isa = PBXFileReference; lastKnownFileType = sourcecode.swift; path = CocoaMVCSampleUITestsLaunchTests.swift; sourceTree = "<group>"; };
		47516D8D27E9977F00017B45 /* README.md */ = {isa = PBXFileReference; lastKnownFileType = net.daringfireball.markdown; path = README.md; sourceTree = "<group>"; };
		47516D8F27E9B4BF00017B45 /* View.swift */ = {isa = PBXFileReference; lastKnownFileType = sourcecode.swift; path = View.swift; sourceTree = "<group>"; };
		47516D9227E9B4DC00017B45 /* Model.swift */ = {isa = PBXFileReference; lastKnownFileType = sourcecode.swift; path = Model.swift; sourceTree = "<group>"; };
/* End PBXFileReference section */

/* Begin PBXFrameworksBuildPhase section */
		47516D5727E9974A00017B45 /* Frameworks */ = {
			isa = PBXFrameworksBuildPhase;
			buildActionMask = 2147483647;
			files = (
			);
			runOnlyForDeploymentPostprocessing = 0;
		};
		47516D6D27E9974C00017B45 /* Frameworks */ = {
			isa = PBXFrameworksBuildPhase;
			buildActionMask = 2147483647;
			files = (
			);
			runOnlyForDeploymentPostprocessing = 0;
		};
		47516D7727E9974C00017B45 /* Frameworks */ = {
			isa = PBXFrameworksBuildPhase;
			buildActionMask = 2147483647;
			files = (
			);
			runOnlyForDeploymentPostprocessing = 0;
		};
/* End PBXFrameworksBuildPhase section */

/* Begin PBXGroup section */
		47516D5127E9974A00017B45 = {
			isa = PBXGroup;
			children = (
				47516D5C27E9974A00017B45 /* CocoaMVCSample */,
				47516D7327E9974C00017B45 /* CocoaMVCSampleTests */,
				47516D7D27E9974C00017B45 /* CocoaMVCSampleUITests */,
				47516D5B27E9974A00017B45 /* Products */,
			);
			sourceTree = "<group>";
		};
		47516D5B27E9974A00017B45 /* Products */ = {
			isa = PBXGroup;
			children = (
				47516D5A27E9974A00017B45 /* CocoaMVCSample.app */,
				47516D7027E9974C00017B45 /* CocoaMVCSampleTests.xctest */,
				47516D7A27E9974C00017B45 /* CocoaMVCSampleUITests.xctest */,
			);
			name = Products;
			sourceTree = "<group>";
		};
		47516D5C27E9974A00017B45 /* CocoaMVCSample */ = {
			isa = PBXGroup;
			children = (
				47516D5D27E9974A00017B45 /* AppDelegate.swift */,
				47516D5F27E9974A00017B45 /* SceneDelegate.swift */,
				47516D6827E9974C00017B45 /* LaunchScreen.storyboard */,
				47516D9427E9B4E200017B45 /* Model */,
				47516D9127E9B4C300017B45 /* View */,
				47516D8E27E9B49700017B45 /* Controller */,
				47516D6627E9974C00017B45 /* Assets.xcassets */,
				47516D6B27E9974C00017B45 /* Info.plist */,
				47516D8D27E9977F00017B45 /* README.md */,
			);
			path = CocoaMVCSample;
			sourceTree = "<group>";
		};
		47516D7327E9974C00017B45 /* CocoaMVCSampleTests */ = {
			isa = PBXGroup;
			children = (
				47516D7427E9974C00017B45 /* CocoaMVCSampleTests.swift */,
			);
			path = CocoaMVCSampleTests;
			sourceTree = "<group>";
		};
		47516D7D27E9974C00017B45 /* CocoaMVCSampleUITests */ = {
			isa = PBXGroup;
			children = (
				47516D7E27E9974C00017B45 /* CocoaMVCSampleUITests.swift */,
				47516D8027E9974C00017B45 /* CocoaMVCSampleUITestsLaunchTests.swift */,
			);
			path = CocoaMVCSampleUITests;
			sourceTree = "<group>";
		};
		47516D8E27E9B49700017B45 /* Controller */ = {
			isa = PBXGroup;
			children = (
				47516D6127E9974A00017B45 /* ViewController.swift */,
			);
			path = Controller;
			sourceTree = "<group>";
		};
		47516D9127E9B4C300017B45 /* View */ = {
			isa = PBXGroup;
			children = (
				47516D8F27E9B4BF00017B45 /* View.swift */,
				47516D6327E9974A00017B45 /* Main.storyboard */,
			);
			path = View;
			sourceTree = "<group>";
		};
		47516D9427E9B4E200017B45 /* Model */ = {
			isa = PBXGroup;
			children = (
				47516D9227E9B4DC00017B45 /* Model.swift */,
			);
			path = Model;
			sourceTree = "<group>";
		};
/* End PBXGroup section */

/* Begin PBXNativeTarget section */
		47516D5927E9974A00017B45 /* CocoaMVCSample */ = {
			isa = PBXNativeTarget;
			buildConfigurationList = 47516D8427E9974C00017B45 /* Build configuration list for PBXNativeTarget "CocoaMVCSample" */;
			buildPhases = (
				47516D5627E9974A00017B45 /* Sources */,
				47516D5727E9974A00017B45 /* Frameworks */,
				47516D5827E9974A00017B45 /* Resources */,
			);
			buildRules = (
			);
			dependencies = (
			);
			name = CocoaMVCSample;
			productName = CocoaMVCSample;
			productReference = 47516D5A27E9974A00017B45 /* CocoaMVCSample.app */;
			productType = "com.apple.product-type.application";
		};
		47516D6F27E9974C00017B45 /* CocoaMVCSampleTests */ = {
			isa = PBXNativeTarget;
			buildConfigurationList = 47516D8727E9974C00017B45 /* Build configuration list for PBXNativeTarget "CocoaMVCSampleTests" */;
			buildPhases = (
				47516D6C27E9974C00017B45 /* Sources */,
				47516D6D27E9974C00017B45 /* Frameworks */,
				47516D6E27E9974C00017B45 /* Resources */,
			);
			buildRules = (
			);
			dependencies = (
				47516D7227E9974C00017B45 /* PBXTargetDependency */,
			);
			name = CocoaMVCSampleTests;
			productName = CocoaMVCSampleTests;
			productReference = 47516D7027E9974C00017B45 /* CocoaMVCSampleTests.xctest */;
			productType = "com.apple.product-type.bundle.unit-test";
		};
		47516D7927E9974C00017B45 /* CocoaMVCSampleUITests */ = {
			isa = PBXNativeTarget;
			buildConfigurationList = 47516D8A27E9974C00017B45 /* Build configuration list for PBXNativeTarget "CocoaMVCSampleUITests" */;
			buildPhases = (
				47516D7627E9974C00017B45 /* Sources */,
				47516D7727E9974C00017B45 /* Frameworks */,
				47516D7827E9974C00017B45 /* Resources */,
			);
			buildRules = (
			);
			dependencies = (
				47516D7C27E9974C00017B45 /* PBXTargetDependency */,
			);
			name = CocoaMVCSampleUITests;
			productName = CocoaMVCSampleUITests;
			productReference = 47516D7A27E9974C00017B45 /* CocoaMVCSampleUITests.xctest */;
			productType = "com.apple.product-type.bundle.ui-testing";
		};
/* End PBXNativeTarget section */

/* Begin PBXProject section */
		47516D5227E9974A00017B45 /* Project object */ = {
			isa = PBXProject;
			attributes = {
				BuildIndependentTargetsInParallel = 1;
				LastSwiftUpdateCheck = 1330;
				LastUpgradeCheck = 1330;
				TargetAttributes = {
					47516D5927E9974A00017B45 = {
						CreatedOnToolsVersion = 13.3;
					};
					47516D6F27E9974C00017B45 = {
						CreatedOnToolsVersion = 13.3;
						TestTargetID = 47516D5927E9974A00017B45;
					};
					47516D7927E9974C00017B45 = {
						CreatedOnToolsVersion = 13.3;
						TestTargetID = 47516D5927E9974A00017B45;
					};
				};
			};
			buildConfigurationList = 47516D5527E9974A00017B45 /* Build configuration list for PBXProject "CocoaMVCSample" */;
			compatibilityVersion = "Xcode 13.0";
			developmentRegion = en;
			hasScannedForEncodings = 0;
			knownRegions = (
				en,
				Base,
			);
			mainGroup = 47516D5127E9974A00017B45;
			productRefGroup = 47516D5B27E9974A00017B45 /* Products */;
			projectDirPath = "";
			projectRoot = "";
			targets = (
				47516D5927E9974A00017B45 /* CocoaMVCSample */,
				47516D6F27E9974C00017B45 /* CocoaMVCSampleTests */,
				47516D7927E9974C00017B45 /* CocoaMVCSampleUITests */,
			);
		};
/* End PBXProject section */

/* Begin PBXResourcesBuildPhase section */
		47516D5827E9974A00017B45 /* Resources */ = {
			isa = PBXResourcesBuildPhase;
			buildActionMask = 2147483647;
			files = (
				47516D6A27E9974C00017B45 /* LaunchScreen.storyboard in Resources */,
				47516D6727E9974C00017B45 /* Assets.xcassets in Resources */,
				47516D6527E9974A00017B45 /* Main.storyboard in Resources */,
			);
			runOnlyForDeploymentPostprocessing = 0;
		};
		47516D6E27E9974C00017B45 /* Resources */ = {
			isa = PBXResourcesBuildPhase;
			buildActionMask = 2147483647;
			files = (
			);
			runOnlyForDeploymentPostprocessing = 0;
		};
		47516D7827E9974C00017B45 /* Resources */ = {
			isa = PBXResourcesBuildPhase;
			buildActionMask = 2147483647;
			files = (
			);
			runOnlyForDeploymentPostprocessing = 0;
		};
/* End PBXResourcesBuildPhase section */

/* Begin PBXSourcesBuildPhase section */
		47516D5627E9974A00017B45 /* Sources */ = {
			isa = PBXSourcesBuildPhase;
			buildActionMask = 2147483647;
			files = (
				47516D9327E9B4DC00017B45 /* Model.swift in Sources */,
				47516D9027E9B4BF00017B45 /* View.swift in Sources */,
				47516D6227E9974A00017B45 /* ViewController.swift in Sources */,
				47516D5E27E9974A00017B45 /* AppDelegate.swift in Sources */,
				47516D6027E9974A00017B45 /* SceneDelegate.swift in Sources */,
			);
			runOnlyForDeploymentPostprocessing = 0;
		};
		47516D6C27E9974C00017B45 /* Sources */ = {
			isa = PBXSourcesBuildPhase;
			buildActionMask = 2147483647;
			files = (
				47516D7527E9974C00017B45 /* CocoaMVCSampleTests.swift in Sources */,
			);
			runOnlyForDeploymentPostprocessing = 0;
		};
		47516D7627E9974C00017B45 /* Sources */ = {
			isa = PBXSourcesBuildPhase;
			buildActionMask = 2147483647;
			files = (
				47516D7F27E9974C00017B45 /* CocoaMVCSampleUITests.swift in Sources */,
				47516D8127E9974C00017B45 /* CocoaMVCSampleUITestsLaunchTests.swift in Sources */,
			);
			runOnlyForDeploymentPostprocessing = 0;
		};
/* End PBXSourcesBuildPhase section */

/* Begin PBXTargetDependency section */
		47516D7227E9974C00017B45 /* PBXTargetDependency */ = {
			isa = PBXTargetDependency;
			target = 47516D5927E9974A00017B45 /* CocoaMVCSample */;
			targetProxy = 47516D7127E9974C00017B45 /* PBXContainerItemProxy */;
		};
		47516D7C27E9974C00017B45 /* PBXTargetDependency */ = {
			isa = PBXTargetDependency;
			target = 47516D5927E9974A00017B45 /* CocoaMVCSample */;
			targetProxy = 47516D7B27E9974C00017B45 /* PBXContainerItemProxy */;
		};
/* End PBXTargetDependency section */

/* Begin PBXVariantGroup section */
		47516D6327E9974A00017B45 /* Main.storyboard */ = {
			isa = PBXVariantGroup;
			children = (
				47516D6427E9974A00017B45 /* Base */,
			);
			name = Main.storyboard;
			sourceTree = "<group>";
		};
		47516D6827E9974C00017B45 /* LaunchScreen.storyboard */ = {
			isa = PBXVariantGroup;
			children = (
				47516D6927E9974C00017B45 /* Base */,
			);
			name = LaunchScreen.storyboard;
			sourceTree = "<group>";
		};
/* End PBXVariantGroup section */

/* Begin XCBuildConfiguration section */
		47516D8227E9974C00017B45 /* Debug */ = {
			isa = XCBuildConfiguration;
			buildSettings = {
				ALWAYS_SEARCH_USER_PATHS = NO;
				CLANG_ANALYZER_NONNULL = YES;
				CLANG_ANALYZER_NUMBER_OBJECT_CONVERSION = YES_AGGRESSIVE;
				CLANG_CXX_LANGUAGE_STANDARD = "gnu++17";
				CLANG_ENABLE_MODULES = YES;
				CLANG_ENABLE_OBJC_ARC = YES;
				CLANG_ENABLE_OBJC_WEAK = YES;
				CLANG_WARN_BLOCK_CAPTURE_AUTORELEASING = YES;
				CLANG_WARN_BOOL_CONVERSION = YES;
				CLANG_WARN_COMMA = YES;
				CLANG_WARN_CONSTANT_CONVERSION = YES;
				CLANG_WARN_DEPRECATED_OBJC_IMPLEMENTATIONS = YES;
				CLANG_WARN_DIRECT_OBJC_ISA_USAGE = YES_ERROR;
				CLANG_WARN_DOCUMENTATION_COMMENTS = YES;
				CLANG_WARN_EMPTY_BODY = YES;
				CLANG_WARN_ENUM_CONVERSION = YES;
				CLANG_WARN_INFINITE_RECURSION = YES;
				CLANG_WARN_INT_CONVERSION = YES;
				CLANG_WARN_NON_LITERAL_NULL_CONVERSION = YES;
				CLANG_WARN_OBJC_IMPLICIT_RETAIN_SELF = YES;
				CLANG_WARN_OBJC_LITERAL_CONVERSION = YES;
				CLANG_WARN_OBJC_ROOT_CLASS = YES_ERROR;
				CLANG_WARN_QUOTED_INCLUDE_IN_FRAMEWORK_HEADER = YES;
				CLANG_WARN_RANGE_LOOP_ANALYSIS = YES;
				CLANG_WARN_STRICT_PROTOTYPES = YES;
				CLANG_WARN_SUSPICIOUS_MOVE = YES;
				CLANG_WARN_UNGUARDED_AVAILABILITY = YES_AGGRESSIVE;
				CLANG_WARN_UNREACHABLE_CODE = YES;
				CLANG_WARN__DUPLICATE_METHOD_MATCH = YES;
				COPY_PHASE_STRIP = NO;
				DEBUG_INFORMATION_FORMAT = dwarf;
				ENABLE_STRICT_OBJC_MSGSEND = YES;
				ENABLE_TESTABILITY = YES;
				GCC_C_LANGUAGE_STANDARD = gnu11;
				GCC_DYNAMIC_NO_PIC = NO;
				GCC_NO_COMMON_BLOCKS = YES;
				GCC_OPTIMIZATION_LEVEL = 0;
				GCC_PREPROCESSOR_DEFINITIONS = (
					"DEBUG=1",
					"$(inherited)",
				);
				GCC_WARN_64_TO_32_BIT_CONVERSION = YES;
				GCC_WARN_ABOUT_RETURN_TYPE = YES_ERROR;
				GCC_WARN_UNDECLARED_SELECTOR = YES;
				GCC_WARN_UNINITIALIZED_AUTOS = YES_AGGRESSIVE;
				GCC_WARN_UNUSED_FUNCTION = YES;
				GCC_WARN_UNUSED_VARIABLE = YES;
				IPHONEOS_DEPLOYMENT_TARGET = 15.4;
				MTL_ENABLE_DEBUG_INFO = INCLUDE_SOURCE;
				MTL_FAST_MATH = YES;
				ONLY_ACTIVE_ARCH = YES;
				SDKROOT = iphoneos;
				SWIFT_ACTIVE_COMPILATION_CONDITIONS = DEBUG;
				SWIFT_OPTIMIZATION_LEVEL = "-Onone";
			};
			name = Debug;
		};
		47516D8327E9974C00017B45 /* Release */ = {
			isa = XCBuildConfiguration;
			buildSettings = {
				ALWAYS_SEARCH_USER_PATHS = NO;
				CLANG_ANALYZER_NONNULL = YES;
				CLANG_ANALYZER_NUMBER_OBJECT_CONVERSION = YES_AGGRESSIVE;
				CLANG_CXX_LANGUAGE_STANDARD = "gnu++17";
				CLANG_ENABLE_MODULES = YES;
				CLANG_ENABLE_OBJC_ARC = YES;
				CLANG_ENABLE_OBJC_WEAK = YES;
				CLANG_WARN_BLOCK_CAPTURE_AUTORELEASING = YES;
				CLANG_WARN_BOOL_CONVERSION = YES;
				CLANG_WARN_COMMA = YES;
				CLANG_WARN_CONSTANT_CONVERSION = YES;
				CLANG_WARN_DEPRECATED_OBJC_IMPLEMENTATIONS = YES;
				CLANG_WARN_DIRECT_OBJC_ISA_USAGE = YES_ERROR;
				CLANG_WARN_DOCUMENTATION_COMMENTS = YES;
				CLANG_WARN_EMPTY_BODY = YES;
				CLANG_WARN_ENUM_CONVERSION = YES;
				CLANG_WARN_INFINITE_RECURSION = YES;
				CLANG_WARN_INT_CONVERSION = YES;
				CLANG_WARN_NON_LITERAL_NULL_CONVERSION = YES;
				CLANG_WARN_OBJC_IMPLICIT_RETAIN_SELF = YES;
				CLANG_WARN_OBJC_LITERAL_CONVERSION = YES;
				CLANG_WARN_OBJC_ROOT_CLASS = YES_ERROR;
				CLANG_WARN_QUOTED_INCLUDE_IN_FRAMEWORK_HEADER = YES;
				CLANG_WARN_RANGE_LOOP_ANALYSIS = YES;
				CLANG_WARN_STRICT_PROTOTYPES = YES;
				CLANG_WARN_SUSPICIOUS_MOVE = YES;
				CLANG_WARN_UNGUARDED_AVAILABILITY = YES_AGGRESSIVE;
				CLANG_WARN_UNREACHABLE_CODE = YES;
				CLANG_WARN__DUPLICATE_METHOD_MATCH = YES;
				COPY_PHASE_STRIP = NO;
				DEBUG_INFORMATION_FORMAT = "dwarf-with-dsym";
				ENABLE_NS_ASSERTIONS = NO;
				ENABLE_STRICT_OBJC_MSGSEND = YES;
				GCC_C_LANGUAGE_STANDARD = gnu11;
				GCC_NO_COMMON_BLOCKS = YES;
				GCC_WARN_64_TO_32_BIT_CONVERSION = YES;
				GCC_WARN_ABOUT_RETURN_TYPE = YES_ERROR;
				GCC_WARN_UNDECLARED_SELECTOR = YES;
				GCC_WARN_UNINITIALIZED_AUTOS = YES_AGGRESSIVE;
				GCC_WARN_UNUSED_FUNCTION = YES;
				GCC_WARN_UNUSED_VARIABLE = YES;
				IPHONEOS_DEPLOYMENT_TARGET = 15.4;
				MTL_ENABLE_DEBUG_INFO = NO;
				MTL_FAST_MATH = YES;
				SDKROOT = iphoneos;
				SWIFT_COMPILATION_MODE = wholemodule;
				SWIFT_OPTIMIZATION_LEVEL = "-O";
				VALIDATE_PRODUCT = YES;
			};
			name = Release;
		};
		47516D8527E9974C00017B45 /* Debug */ = {
			isa = XCBuildConfiguration;
			buildSettings = {
				ASSETCATALOG_COMPILER_APPICON_NAME = AppIcon;
				ASSETCATALOG_COMPILER_GLOBAL_ACCENT_COLOR_NAME = AccentColor;
				CODE_SIGN_STYLE = Automatic;
				CURRENT_PROJECT_VERSION = 1;
				DEVELOPMENT_TEAM = 9B9T932RXM;
				GENERATE_INFOPLIST_FILE = YES;
				INFOPLIST_FILE = CocoaMVCSample/Info.plist;
				INFOPLIST_KEY_UIApplicationSupportsIndirectInputEvents = YES;
				INFOPLIST_KEY_UILaunchStoryboardName = LaunchScreen;
				INFOPLIST_KEY_UIMainStoryboardFile = Main;
				INFOPLIST_KEY_UISupportedInterfaceOrientations_iPad = "UIInterfaceOrientationPortrait UIInterfaceOrientationPortraitUpsideDown UIInterfaceOrientationLandscapeLeft UIInterfaceOrientationLandscapeRight";
				INFOPLIST_KEY_UISupportedInterfaceOrientations_iPhone = "UIInterfaceOrientationPortrait UIInterfaceOrientationLandscapeLeft UIInterfaceOrientationLandscapeRight";
				LD_RUNPATH_SEARCH_PATHS = (
					"$(inherited)",
					"@executable_path/Frameworks",
				);
				MARKETING_VERSION = 1.0;
				PRODUCT_BUNDLE_IDENTIFIER = b150005.CocoaMVCSample;
				PRODUCT_NAME = "$(TARGET_NAME)";
				SWIFT_EMIT_LOC_STRINGS = YES;
				SWIFT_VERSION = 5.0;
				TARGETED_DEVICE_FAMILY = "1,2";
			};
			name = Debug;
		};
		47516D8627E9974C00017B45 /* Release */ = {
			isa = XCBuildConfiguration;
			buildSettings = {
				ASSETCATALOG_COMPILER_APPICON_NAME = AppIcon;
				ASSETCATALOG_COMPILER_GLOBAL_ACCENT_COLOR_NAME = AccentColor;
				CODE_SIGN_STYLE = Automatic;
				CURRENT_PROJECT_VERSION = 1;
				DEVELOPMENT_TEAM = 9B9T932RXM;
				GENERATE_INFOPLIST_FILE = YES;
				INFOPLIST_FILE = CocoaMVCSample/Info.plist;
				INFOPLIST_KEY_UIApplicationSupportsIndirectInputEvents = YES;
				INFOPLIST_KEY_UILaunchStoryboardName = LaunchScreen;
				INFOPLIST_KEY_UIMainStoryboardFile = Main;
				INFOPLIST_KEY_UISupportedInterfaceOrientations_iPad = "UIInterfaceOrientationPortrait UIInterfaceOrientationPortraitUpsideDown UIInterfaceOrientationLandscapeLeft UIInterfaceOrientationLandscapeRight";
				INFOPLIST_KEY_UISupportedInterfaceOrientations_iPhone = "UIInterfaceOrientationPortrait UIInterfaceOrientationLandscapeLeft UIInterfaceOrientationLandscapeRight";
				LD_RUNPATH_SEARCH_PATHS = (
					"$(inherited)",
					"@executable_path/Frameworks",
				);
				MARKETING_VERSION = 1.0;
				PRODUCT_BUNDLE_IDENTIFIER = b150005.CocoaMVCSample;
				PRODUCT_NAME = "$(TARGET_NAME)";
				SWIFT_EMIT_LOC_STRINGS = YES;
				SWIFT_VERSION = 5.0;
				TARGETED_DEVICE_FAMILY = "1,2";
			};
			name = Release;
		};
		47516D8827E9974C00017B45 /* Debug */ = {
			isa = XCBuildConfiguration;
			buildSettings = {
				ALWAYS_EMBED_SWIFT_STANDARD_LIBRARIES = YES;
				BUNDLE_LOADER = "$(TEST_HOST)";
				CODE_SIGN_STYLE = Automatic;
				CURRENT_PROJECT_VERSION = 1;
				DEVELOPMENT_TEAM = 9B9T932RXM;
				GENERATE_INFOPLIST_FILE = YES;
				IPHONEOS_DEPLOYMENT_TARGET = 15.4;
				MARKETING_VERSION = 1.0;
				PRODUCT_BUNDLE_IDENTIFIER = b150005.CocoaMVCSampleTests;
				PRODUCT_NAME = "$(TARGET_NAME)";
				SWIFT_EMIT_LOC_STRINGS = NO;
				SWIFT_VERSION = 5.0;
				TARGETED_DEVICE_FAMILY = "1,2";
				TEST_HOST = "$(BUILT_PRODUCTS_DIR)/CocoaMVCSample.app/CocoaMVCSample";
			};
			name = Debug;
		};
		47516D8927E9974C00017B45 /* Release */ = {
			isa = XCBuildConfiguration;
			buildSettings = {
				ALWAYS_EMBED_SWIFT_STANDARD_LIBRARIES = YES;
				BUNDLE_LOADER = "$(TEST_HOST)";
				CODE_SIGN_STYLE = Automatic;
				CURRENT_PROJECT_VERSION = 1;
				DEVELOPMENT_TEAM = 9B9T932RXM;
				GENERATE_INFOPLIST_FILE = YES;
				IPHONEOS_DEPLOYMENT_TARGET = 15.4;
				MARKETING_VERSION = 1.0;
				PRODUCT_BUNDLE_IDENTIFIER = b150005.CocoaMVCSampleTests;
				PRODUCT_NAME = "$(TARGET_NAME)";
				SWIFT_EMIT_LOC_STRINGS = NO;
				SWIFT_VERSION = 5.0;
				TARGETED_DEVICE_FAMILY = "1,2";
				TEST_HOST = "$(BUILT_PRODUCTS_DIR)/CocoaMVCSample.app/CocoaMVCSample";
			};
			name = Release;
		};
		47516D8B27E9974C00017B45 /* Debug */ = {
			isa = XCBuildConfiguration;
			buildSettings = {
				ALWAYS_EMBED_SWIFT_STANDARD_LIBRARIES = YES;
				CODE_SIGN_STYLE = Automatic;
				CURRENT_PROJECT_VERSION = 1;
				DEVELOPMENT_TEAM = 9B9T932RXM;
				GENERATE_INFOPLIST_FILE = YES;
				MARKETING_VERSION = 1.0;
				PRODUCT_BUNDLE_IDENTIFIER = b150005.CocoaMVCSampleUITests;
				PRODUCT_NAME = "$(TARGET_NAME)";
				SWIFT_EMIT_LOC_STRINGS = NO;
				SWIFT_VERSION = 5.0;
				TARGETED_DEVICE_FAMILY = "1,2";
				TEST_TARGET_NAME = CocoaMVCSample;
			};
			name = Debug;
		};
		47516D8C27E9974C00017B45 /* Release */ = {
			isa = XCBuildConfiguration;
			buildSettings = {
				ALWAYS_EMBED_SWIFT_STANDARD_LIBRARIES = YES;
				CODE_SIGN_STYLE = Automatic;
				CURRENT_PROJECT_VERSION = 1;
				DEVELOPMENT_TEAM = 9B9T932RXM;
				GENERATE_INFOPLIST_FILE = YES;
				MARKETING_VERSION = 1.0;
				PRODUCT_BUNDLE_IDENTIFIER = b150005.CocoaMVCSampleUITests;
				PRODUCT_NAME = "$(TARGET_NAME)";
				SWIFT_EMIT_LOC_STRINGS = NO;
				SWIFT_VERSION = 5.0;
				TARGETED_DEVICE_FAMILY = "1,2";
				TEST_TARGET_NAME = CocoaMVCSample;
			};
			name = Release;
		};
/* End XCBuildConfiguration section */

/* Begin XCConfigurationList section */
		47516D5527E9974A00017B45 /* Build configuration list for PBXProject "CocoaMVCSample" */ = {
			isa = XCConfigurationList;
			buildConfigurations = (
				47516D8227E9974C00017B45 /* Debug */,
				47516D8327E9974C00017B45 /* Release */,
			);
			defaultConfigurationIsVisible = 0;
			defaultConfigurationName = Release;
		};
		47516D8427E9974C00017B45 /* Build configuration list for PBXNativeTarget "CocoaMVCSample" */ = {
			isa = XCConfigurationList;
			buildConfigurations = (
				47516D8527E9974C00017B45 /* Debug */,
				47516D8627E9974C00017B45 /* Release */,
			);
			defaultConfigurationIsVisible = 0;
			defaultConfigurationName = Release;
		};
		47516D8727E9974C00017B45 /* Build configuration list for PBXNativeTarget "CocoaMVCSampleTests" */ = {
			isa = XCConfigurationList;
			buildConfigurations = (
				47516D8827E9974C00017B45 /* Debug */,
				47516D8927E9974C00017B45 /* Release */,
			);
			defaultConfigurationIsVisible = 0;
			defaultConfigurationName = Release;
		};
		47516D8A27E9974C00017B45 /* Build configuration list for PBXNativeTarget "CocoaMVCSampleUITests" */ = {
			isa = XCConfigurationList;
			buildConfigurations = (
				47516D8B27E9974C00017B45 /* Debug */,
				47516D8C27E9974C00017B45 /* Release */,
			);
			defaultConfigurationIsVisible = 0;
			defaultConfigurationName = Release;
		};
/* End XCConfigurationList section */
	};
	rootObject = 47516D5227E9974A00017B45 /* Project object */;
}
